GEM
  remote: https://rubygems.org/
  specs:
    mini_portile2 (2.8.9)
    sqlite3 (2.8.0)
      mini_portile2 (~> 2.8.0)
    sqlite3 (2.8.0-arm64-darwin)
    sqlite3 (2.8.0-x86_64-darwin)

PLATFORMS
  aarch64-linux
  arm64-darwin
  ruby
  x86_64-darwin

DEPENDENCIES
  sqlite3

BUNDLED WITH
   2.6.9
